
Microsoft Visual Studio Solution File, Format Version 12.00
# Visual Studio Version 17
VisualStudioVersion = 17.14.37314.3
MinimumVisualStudioVersion = 10.0.40219.1
Project("{2150E333-8FDC-42A3-9474-1A3956D46DE8}") = "src", "src", "{02EA681E-C7D8-13C7-8484-4AC65E1B71E8}"
EndProject
Project("{FAE04EC0-301F-11D3-BF4B-00C04F79EFBC}") = "CorporateServiceDesk.Api", "src\CorporateServiceDesk.Api\CorporateServiceDesk.Api.csproj", "{F702198C-7B45-D62E-B003-07BD42353341}"
EndProject
Project("{FAE04EC0-301F-11D3-BF4B-00C04F79EFBC}") = "CorporateServiceDesk.Domain", "src\CorporateServiceDesk.Domain\CorporateServiceDesk.Domain.csproj", "{37A8B8D8-CD25-7E31-FF77-473AAB924722}"
EndProject
Project("{FAE04EC0-301F-11D3-BF4B-00C04F79EFBC}") = "CorporateServiceDesk.Application", "src\CorporateServiceDesk.Application\CorporateServiceDesk.Application.csproj", "{51B5723F-0995-48E4-B9CB-79F37970C053}"
EndProject
Project("{FAE04EC0-301F-11D3-BF4B-00C04F79EFBC}") = "CorporateServiceDesk.Infrastructure", "src\CorporateServiceDesk.Infrastructure\CorporateServiceDesk.Infrastructure.csproj", "{D522E88E-B48B-4F77-8BB6-349547E6B6C8}"
EndProject
Project("{2150E333-8FDC-42A3-9474-1A3956D46DE8}") = "docs", "docs", "{F8BD4316-1763-41DD-846D-D2572EAE6948}"
	ProjectSection(SolutionItems) = preProject
		docs\01-visao-do-produto.md = docs\01-visao-do-produto.md
		docs\02-requisitos-do-mvp.md = docs\02-requisitos-do-mvp.md
		docs\03-matriz-de-permissoes.md = docs\03-matriz-de-permissoes.md
		docs\04-user-stories.md = docs\04-user-stories.md
	EndProjectSection
EndProject
Project("{2150E333-8FDC-42A3-9474-1A3956D46DE8}") = "adr", "adr", "{DBF90794-CF2B-463E-BD09-01743D52DCA4}"
	ProjectSection(SolutionItems) = preProject
		docs\adr\0001-arquitetura-inicial.md = docs\adr\0001-arquitetura-inicial.md
		0002-Uso do PostgreSQL.md = 0002-Uso do PostgreSQL.md
		0003-configuracao-segredo-execucao-local.md = 0003-configuracao-segredo-execucao-local.md
	EndProjectSection
EndProject
Project("{2150E333-8FDC-42A3-9474-1A3956D46DE8}") = "Itens de Solução", "Itens de Solução", "{380A7511-A354-6D7A-0CC0-8FA1F1BA7B6C}"
	ProjectSection(SolutionItems) = preProject
		.env = .env
		.env.example = .env.example
		compose.yaml = compose.yaml
	EndProjectSection
EndProject
Project("{E53339B2-1760-4266-BCC7-CA923CBCF16C}") = "docker-compose", "docker-compose.dcproj", "{81DDED9D-158B-E303-5F62-77A2896D2A5A}"
EndProject
Project("{2150E333-8FDC-42A3-9474-1A3956D46DE8}") = "tests", "tests", "{0AB3BF05-4346-4AA6-1389-037BE0695223}"
EndProject
Project("{FAE04EC0-301F-11D3-BF4B-00C04F79EFBC}") = "CorporateServiceDesk.Domain.UnitTests", "tests\CorporateServiceDesk.Domain.UnitTests\CorporateServiceDesk.Domain.UnitTests.csproj", "{0EAF2EE5-0529-4C32-B7B2-1E5F101DB36D}"
EndProject
Project("{FAE04EC0-301F-11D3-BF4B-00C04F79EFBC}") = "CorporateServiceDesk.Application.UnitTests", "tests\CorporateServiceDesk.Application.UnitTests\CorporateServiceDesk.Application.UnitTests.csproj", "{692D68B7-A5B2-49CB-A432-815CDEF759EA}"
EndProject
Project("{FAE04EC0-301F-11D3-BF4B-00C04F79EFBC}") = "CorporateServiceDesk.IntegrationTests", "tests\CorporateServiceDesk.IntegrationTests\CorporateServiceDesk.IntegrationTests.csproj", "{804A6B02-B798-4078-A72F-6401BA2519F1}"
EndProject
Global
	GlobalSection(SolutionConfigurationPlatforms) = preSolution
		Debug|Any CPU = Debug|Any CPU
		Debug|x64 = Debug|x64
		Debug|x86 = Debug|x86
		Release|Any CPU = Release|Any CPU
		Release|x64 = Release|x64
		Release|x86 = Release|x86
	EndGlobalSection
	GlobalSection(ProjectConfigurationPlatforms) = postSolution
		{F702198C-7B45-D62E-B003-07BD42353341}.Debug|Any CPU.ActiveCfg = Debug|Any CPU
		{F702198C-7B45-D62E-B003-07BD42353341}.Debug|Any CPU.Build.0 = Debug|Any CPU
		{F702198C-7B45-D62E-B003-07BD42353341}.Debug|x64.ActiveCfg = Debug|Any CPU
		{F702198C-7B45-D62E-B003-07BD42353341}.Debug|x64.Build.0 = Debug|Any CPU
		{F702198C-7B45-D62E-B003-07BD42353341}.Debug|x86.ActiveCfg = Debug|Any CPU
		{F702198C-7B45-D62E-B003-07BD42353341}.Debug|x86.Build.0 = Debug|Any CPU
		{F702198C-7B45-D62E-B003-07BD42353341}.Release|Any CPU.ActiveCfg = Release|Any CPU
		{F702198C-7B45-D62E-B003-07BD42353341}.Release|Any CPU.Build.0 = Release|Any CPU
		{F702198C-7B45-D62E-B003-07BD42353341}.Release|x64.ActiveCfg = Release|Any CPU
		{F702198C-7B45-D62E-B003-07BD42353341}.Release|x64.Build.0 = Release|Any CPU
		{F702198C-7B45-D62E-B003-07BD42353341}.Release|x86.ActiveCfg = Release|Any CPU
		{F702198C-7B45-D62E-B003-07BD42353341}.Release|x86.Build.0 = Release|Any CPU
		{37A8B8D8-CD25-7E31-FF77-473AAB924722}.Debug|Any CPU.ActiveCfg = Debug|Any CPU
		{37A8B8D8-CD25-7E31-FF77-473AAB924722}.Debug|Any CPU.Build.0 = Debug|Any CPU
		{37A8B8D8-CD25-7E31-FF77-473AAB924722}.Debug|x64.ActiveCfg = Debug|Any CPU
		{37A8B8D8-CD25-7E31-FF77-473AAB924722}.Debug|x64.Build.0 = Debug|Any CPU
		{37A8B8D8-CD25-7E31-FF77-473AAB924722}.Debug|x86.ActiveCfg = Debug|Any CPU
		{37A8B8D8-CD25-7E31-FF77-473AAB924722}.Debug|x86.Build.0 = Debug|Any CPU
		{37A8B8D8-CD25-7E31-FF77-473AAB924722}.Release|Any CPU.ActiveCfg = Release|Any CPU
		{37A8B8D8-CD25-7E31-FF77-473AAB924722}.Release|Any CPU.Build.0 = Release|Any CPU
		{37A8B8D8-CD25-7E31-FF77-473AAB924722}.Release|x64.ActiveCfg = Release|Any CPU
		{37A8B8D8-CD25-7E31-FF77-473AAB924722}.Release|x64.Build.0 = Release|Any CPU
		{37A8B8D8-CD25-7E31-FF77-473AAB924722}.Release|x86.ActiveCfg = Release|Any CPU
		{37A8B8D8-CD25-7E31-FF77-473AAB924722}.Release|x86.Build.0 = Release|Any CPU
		{51B5723F-0995-48E4-B9CB-79F37970C053}.Debug|Any CPU.ActiveCfg = Debug|Any CPU
		{51B5723F-0995-48E4-B9CB-79F37970C053}.Debug|Any CPU.Build.0 = Debug|Any CPU
		{51B5723F-0995-48E4-B9CB-79F37970C053}.Debug|x64.ActiveCfg = Debug|Any CPU
		{51B5723F-0995-48E4-B9CB-79F37970C053}.Debug|x64.Build.0 = Debug|Any CPU
		{51B5723F-0995-48E4-B9CB-79F37970C053}.Debug|x86.ActiveCfg = Debug|Any CPU
		{51B5723F-0995-48E4-B9CB-79F37970C053}.Debug|x86.Build.0 = Debug|Any CPU
		{51B5723F-0995-48E4-B9CB-79F37970C053}.Release|Any CPU.ActiveCfg = Release|Any CPU
		{51B5723F-0995-48E4-B9CB-79F37970C053}.Release|Any CPU.Build.0 = Release|Any CPU
		{51B5723F-0995-48E4-B9CB-79F37970C053}.Release|x64.ActiveCfg = Release|Any CPU
		{51B5723F-0995-48E4-B9CB-79F37970C053}.Release|x64.Build.0 = Release|Any CPU
		{51B5723F-0995-48E4-B9CB-79F37970C053}.Release|x86.ActiveCfg = Release|Any CPU
		{51B5723F-0995-48E4-B9CB-79F37970C053}.Release|x86.Build.0 = Release|Any CPU
		{D522E88E-B48B-4F77-8BB6-349547E6B6C8}.Debug|Any CPU.ActiveCfg = Debug|Any CPU
		{D522E88E-B48B-4F77-8BB6-349547E6B6C8}.Debug|Any CPU.Build.0 = Debug|Any CPU
		{D522E88E-B48B-4F77-8BB6-349547E6B6C8}.Debug|x64.ActiveCfg = Debug|Any CPU
		{D522E88E-B48B-4F77-8BB6-349547E6B6C8}.Debug|x64.Build.0 = Debug|Any CPU
		{D522E88E-B48B-4F77-8BB6-349547E6B6C8}.Debug|x86.ActiveCfg = Debug|Any CPU
		{D522E88E-B48B-4F77-8BB6-349547E6B6C8}.Debug|x86.Build.0 = Debug|Any CPU
		{D522E88E-B48B-4F77-8BB6-349547E6B6C8}.Release|Any CPU.ActiveCfg = Release|Any CPU
		{D522E88E-B48B-4F77-8BB6-349547E6B6C8}.Release|Any CPU.Build.0 = Release|Any CPU
		{D522E88E-B48B-4F77-8BB6-349547E6B6C8}.Release|x64.ActiveCfg = Release|Any CPU
		{D522E88E-B48B-4F77-8BB6-349547E6B6C8}.Release|x64.Build.0 = Release|Any CPU
		{D522E88E-B48B-4F77-8BB6-349547E6B6C8}.Release|x86.ActiveCfg = Release|Any CPU
		{D522E88E-B48B-4F77-8BB6-349547E6B6C8}.Release|x86.Build.0 = Release|Any CPU
		{81DDED9D-158B-E303-5F62-77A2896D2A5A}.Debug|Any CPU.ActiveCfg = Debug|Any CPU
		{81DDED9D-158B-E303-5F62-77A2896D2A5A}.Debug|Any CPU.Build.0 = Debug|Any CPU
		{81DDED9D-158B-E303-5F62-77A2896D2A5A}.Debug|x64.ActiveCfg = Debug|x64
		{81DDED9D-158B-E303-5F62-77A2896D2A5A}.Debug|x86.ActiveCfg = Debug|x86
		{81DDED9D-158B-E303-5F62-77A2896D2A5A}.Release|Any CPU.ActiveCfg = Release|Any CPU
		{81DDED9D-158B-E303-5F62-77A2896D2A5A}.Release|Any CPU.Build.0 = Release|Any CPU
		{81DDED9D-158B-E303-5F62-77A2896D2A5A}.Release|x64.ActiveCfg = Release|x64
		{81DDED9D-158B-E303-5F62-77A2896D2A5A}.Release|x86.ActiveCfg = Release|x86
		{0EAF2EE5-0529-4C32-B7B2-1E5F101DB36D}.Debug|Any CPU.ActiveCfg = Debug|Any CPU
		{0EAF2EE5-0529-4C32-B7B2-1E5F101DB36D}.Debug|Any CPU.Build.0 = Debug|Any CPU
		{0EAF2EE5-0529-4C32-B7B2-1E5F101DB36D}.Debug|x64.ActiveCfg = Debug|Any CPU
		{0EAF2EE5-0529-4C32-B7B2-1E5F101DB36D}.Debug|x64.Build.0 = Debug|Any CPU
		{0EAF2EE5-0529-4C32-B7B2-1E5F101DB36D}.Debug|x86.ActiveCfg = Debug|Any CPU
		{0EAF2EE5-0529-4C32-B7B2-1E5F101DB36D}.Debug|x86.Build.0 = Debug|Any CPU
		{0EAF2EE5-0529-4C32-B7B2-1E5F101DB36D}.Release|Any CPU.ActiveCfg = Release|Any CPU
		{0EAF2EE5-0529-4C32-B7B2-1E5F101DB36D}.Release|Any CPU.Build.0 = Release|Any CPU
		{0EAF2EE5-0529-4C32-B7B2-1E5F101DB36D}.Release|x64.ActiveCfg = Release|Any CPU
		{0EAF2EE5-0529-4C32-B7B2-1E5F101DB36D}.Release|x64.Build.0 = Release|Any CPU
		{0EAF2EE5-0529-4C32-B7B2-1E5F101DB36D}.Release|x86.ActiveCfg = Release|Any CPU
		{0EAF2EE5-0529-4C32-B7B2-1E5F101DB36D}.Release|x86.Build.0 = Release|Any CPU
		{692D68B7-A5B2-49CB-A432-815CDEF759EA}.Debug|Any CPU.ActiveCfg = Debug|Any CPU
		{692D68B7-A5B2-49CB-A432-815CDEF759EA}.Debug|Any CPU.Build.0 = Debug|Any CPU
		{692D68B7-A5B2-49CB-A432-815CDEF759EA}.Debug|x64.ActiveCfg = Debug|Any CPU
		{692D68B7-A5B2-49CB-A432-815CDEF759EA}.Debug|x64.Build.0 = Debug|Any CPU
		{692D68B7-A5B2-49CB-A432-815CDEF759EA}.Debug|x86.ActiveCfg = Debug|Any CPU
		{692D68B7-A5B2-49CB-A432-815CDEF759EA}.Debug|x86.Build.0 = Debug|Any CPU
		{692D68B7-A5B2-49CB-A432-815CDEF759EA}.Release|Any CPU.ActiveCfg = Release|Any CPU
		{692D68B7-A5B2-49CB-A432-815CDEF759EA}.Release|Any CPU.Build.0 = Release|Any CPU
		{692D68B7-A5B2-49CB-A432-815CDEF759EA}.Release|x64.ActiveCfg = Release|Any CPU
		{692D68B7-A5B2-49CB-A432-815CDEF759EA}.Release|x64.Build.0 = Release|Any CPU
		{692D68B7-A5B2-49CB-A432-815CDEF759EA}.Release|x86.ActiveCfg = Release|Any CPU
		{692D68B7-A5B2-49CB-A432-815CDEF759EA}.Release|x86.Build.0 = Release|Any CPU
		{804A6B02-B798-4078-A72F-6401BA2519F1}.Debug|Any CPU.ActiveCfg = Debug|Any CPU
		{804A6B02-B798-4078-A72F-6401BA2519F1}.Debug|Any CPU.Build.0 = Debug|Any CPU
		{804A6B02-B798-4078-A72F-6401BA2519F1}.Debug|x64.ActiveCfg = Debug|Any CPU
		{804A6B02-B798-4078-A72F-6401BA2519F1}.Debug|x64.Build.0 = Debug|Any CPU
		{804A6B02-B798-4078-A72F-6401BA2519F1}.Debug|x86.ActiveCfg = Debug|Any CPU
		{804A6B02-B798-4078-A72F-6401BA2519F1}.Debug|x86.Build.0 = Debug|Any CPU
		{804A6B02-B798-4078-A72F-6401BA2519F1}.Release|Any CPU.ActiveCfg = Release|Any CPU
		{804A6B02-B798-4078-A72F-6401BA2519F1}.Release|Any CPU.Build.0 = Release|Any CPU
		{804A6B02-B798-4078-A72F-6401BA2519F1}.Release|x64.ActiveCfg = Release|Any CPU
		{804A6B02-B798-4078-A72F-6401BA2519F1}.Release|x64.Build.0 = Release|Any CPU
		{804A6B02-B798-4078-A72F-6401BA2519F1}.Release|x86.ActiveCfg = Release|Any CPU
		{804A6B02-B798-4078-A72F-6401BA2519F1}.Release|x86.Build.0 = Release|Any CPU
	EndGlobalSection
	GlobalSection(SolutionProperties) = preSolution
		HideSolutionNode = FALSE
	EndGlobalSection
	GlobalSection(NestedProjects) = preSolution
		{F702198C-7B45-D62E-B003-07BD42353341} = {02EA681E-C7D8-13C7-8484-4AC65E1B71E8}
		{37A8B8D8-CD25-7E31-FF77-473AAB924722} = {02EA681E-C7D8-13C7-8484-4AC65E1B71E8}
		{51B5723F-0995-48E4-B9CB-79F37970C053} = {02EA681E-C7D8-13C7-8484-4AC65E1B71E8}
		{D522E88E-B48B-4F77-8BB6-349547E6B6C8} = {02EA681E-C7D8-13C7-8484-4AC65E1B71E8}
		{DBF90794-CF2B-463E-BD09-01743D52DCA4} = {F8BD4316-1763-41DD-846D-D2572EAE6948}
		{0EAF2EE5-0529-4C32-B7B2-1E5F101DB36D} = {0AB3BF05-4346-4AA6-1389-037BE0695223}
		{692D68B7-A5B2-49CB-A432-815CDEF759EA} = {0AB3BF05-4346-4AA6-1389-037BE0695223}
		{804A6B02-B798-4078-A72F-6401BA2519F1} = {0AB3BF05-4346-4AA6-1389-037BE0695223}
	EndGlobalSection
	GlobalSection(ExtensibilityGlobals) = postSolution
		SolutionGuid = {97489CDF-3075-473A-BD01-E24A67364ADC}
	EndGlobalSection
EndGlobal
